// !$*UTF8*$!
{
	archiveVersion = 1;
	classes = {
	};
	objectVersion = 46;
	objects = {

/* Begin PBXBuildFile section */
		B70605811B3E9AF100520058 /* main.cpp in Sources */ = {isa = PBXBuildFile; fileRef = B70605801B3E9AF100520058 /* main.cpp */; };
		B7E6294B1B78BFDC0047033A /* Stack.cpp in Sources */ = {isa = PBXBuildFile; fileRef = B7E629491B78BFDC0047033A /* Stack.cpp */; };
		B7E6294E1B78C0730047033A /* Set.cpp in Sources */ = {isa = PBXBuildFile; fileRef = B7E6294C1B78C0730047033A /* Set.cpp */; };
		B7E629501B78C4B90047033A /* Sequence.cpp in Sources */ = {isa = PBXBuildFile; fileRef = B7E6294F1B78C4B90047033A /* Sequence.cpp */; };
/* End PBXBuildFile section */

/* Begin PBXCopyFilesBuildPhase section */
		B706057B1B3E9AF100520058 /* CopyFiles */ = {
			isa = PBXCopyFilesBuildPhase;
			buildActionMask = 2147483647;
			dstPath = /usr/share/man/man1/;
			dstSubfolderSpec = 0;
			files = (
			);
			runOnlyForDeploymentPostprocessing = 1;
		};
/* End PBXCopyFilesBuildPhase section */

/* Begin PBXFileReference section */
		B706057D1B3E9AF100520058 /* Sequence */ = {isa = PBXFileReference; explicitFileType = "compiled.mach-o.executable"; includeInIndex = 0; path = Sequence; sourceTree = BUILT_PRODUCTS_DIR; };
		B70605801B3E9AF100520058 /* main.cpp */ = {isa = PBXFileReference; lastKnownFileType = sourcecode.cpp.cpp; path = main.cpp; sourceTree = "<group>"; };
		B73B1FF01B3FFAD6007C70E7 /* Sequence.h */ = {isa = PBXFileReference; lastKnownFileType = sourcecode.c.h; path = Sequence.h; sourceTree = "<group>"; };
		B7E629491B78BFDC0047033A /* Stack.cpp */ = {isa = PBXFileReference; fileEncoding = 4; lastKnownFileType = sourcecode.cpp.cpp; path = Stack.cpp; sourceTree = "<group>"; };
		B7E6294A1B78BFDC0047033A /* Stack.h */ = {isa = PBXFileReference; fileEncoding = 4; lastKnownFileType = sourcecode.c.h; path = Stack.h; sourceTree = "<group>"; };
		B7E6294C1B78C0730047033A /* Set.cpp */ = {isa = PBXFileReference; fileEncoding = 4; lastKnownFileType = sourcecode.cpp.cpp; path = Set.cpp; sourceTree = "<group>"; };
		B7E6294D1B78C0730047033A /* Set.h */ = {isa = PBXFileReference; fileEncoding = 4; lastKnownFileType = sourcecode.c.h; path = Set.h; sourceTree = "<group>"; };
		B7E6294F1B78C4B90047033A /* Sequence.cpp */ = {isa = PBXFileReference; fileEncoding = 4; lastKnownFileType = sourcecode.cpp.cpp; path = Sequence.cpp; sourceTree = "<group>"; };
/* End PBXFileReference section */

/* Begin PBXFrameworksBuildPhase section */
		B706057A1B3E9AF100520058 /* Frameworks */ = {
			isa = PBXFrameworksBuildPhase;
			buildActionMask = 2147483647;
			files = (
			);
			runOnlyForDeploymentPostprocessing = 0;
		};
/* End PBXFrameworksBuildPhase section */

/* Begin PBXGroup section */
		B70605741B3E9AF100520058 = {
			isa = PBXGroup;
			children = (
				B706057F1B3E9AF100520058 /* Sequence */,
				B706057E1B3E9AF100520058 /* Products */,
			);
			sourceTree = "<group>";
		};
		B706057E1B3E9AF100520058 /* Products */ = {
			isa = PBXGroup;
			children = (
				B706057D1B3E9AF100520058 /* Sequence */,
			);
			name = Products;
			sourceTree = "<group>";
		};
		B706057F1B3E9AF100520058 /* Sequence */ = {
			isa = PBXGroup;
			children = (
				B70605801B3E9AF100520058 /* main.cpp */,
				B7E629491B78BFDC0047033A /* Stack.cpp */,
				B7E6294A1B78BFDC0047033A /* Stack.h */,
				B7E6294D1B78C0730047033A /* Set.h */,
				B7E6294C1B78C0730047033A /* Set.cpp */,
				B73B1FF01B3FFAD6007C70E7 /* Sequence.h */,
				B7E6294F1B78C4B90047033A /* Sequence.cpp */,
			);
			path = Sequence;
			sourceTree = "<group>";
		};
/* End PBXGroup section */

/* Begin PBXNativeTarget section */
		B706057C1B3E9AF100520058 /* Sequence */ = {
			isa = PBXNativeTarget;
			buildConfigurationList = B70605841B3E9AF100520058 /* Build configuration list for PBXNativeTarget "Sequence" */;
			buildPhases = (
				B70605791B3E9AF100520058 /* Sources */,
				B706057A1B3E9AF100520058 /* Frameworks */,
				B706057B1B3E9AF100520058 /* CopyFiles */,
			);
			buildRules = (
			);
			dependencies = (
			);
			name = Sequence;
			productName = Sequence;
			productReference = B706057D1B3E9AF100520058 /* Sequence */;
			productType = "com.apple.product-type.tool";
		};
/* End PBXNativeTarget section */

/* Begin PBXProject section */
		B70605751B3E9AF100520058 /* Project object */ = {
			isa = PBXProject;
			attributes = {
				LastUpgradeCheck = 0630;
				ORGANIZATIONNAME = com.kostov;
				TargetAttributes = {
					B706057C1B3E9AF100520058 = {
						CreatedOnToolsVersion = 6.3.2;
					};
				};
			};
			buildConfigurationList = B70605781B3E9AF100520058 /* Build configuration list for PBXProject "Sequence" */;
			compatibilityVersion = "Xcode 3.2";
			developmentRegion = English;
			hasScannedForEncodings = 0;
			knownRegions = (
				en,
			);
			mainGroup = B70605741B3E9AF100520058;
			productRefGroup = B706057E1B3E9AF100520058 /* Products */;
			projectDirPath = "";
			projectRoot = "";
			targets = (
				B706057C1B3E9AF100520058 /* Sequence */,
			);
		};
/* End PBXProject section */

/* Begin PBXSourcesBuildPhase section */
		B70605791B3E9AF100520058 /* Sources */ = {
			isa = PBXSourcesBuildPhase;
			buildActionMask = 2147483647;
			files = (
				B7E6294E1B78C0730047033A /* Set.cpp in Sources */,
				B7E6294B1B78BFDC0047033A /* Stack.cpp in Sources */,
				B7E629501B78C4B90047033A /* Sequence.cpp in Sources */,
				B70605811B3E9AF100520058 /* main.cpp in Sources */,
			);
			runOnlyForDeploymentPostprocessing = 0;
		};
/* End PBXSourcesBuildPhase section */

/* Begin XCBuildConfiguration section */
		B70605821B3E9AF100520058 /* Debug */ = {
			isa = XCBuildConfiguration;
			buildSettings = {
				ALWAYS_SEARCH_USER_PATHS = NO;
				CLANG_CXX_LANGUAGE_STANDARD = "gnu++0x";
				CLANG_CXX_LIBRARY = "libc++";
				CLANG_ENABLE_MODULES = YES;
				CLANG_ENABLE_OBJC_ARC = YES;
				CLANG_WARN_BOOL_CONVERSION = YES;
				CLANG_WARN_CONSTANT_CONVERSION = YES;
				CLANG_WARN_DIRECT_OBJC_ISA_USAGE = YES_ERROR;
				CLANG_WARN_EMPTY_BODY = YES;
				CLANG_WARN_ENUM_CONVERSION = YES;
				CLANG_WARN_INT_CONVERSION = YES;
				CLANG_WARN_OBJC_ROOT_CLASS = YES_ERROR;
				CLANG_WARN_UNREACHABLE_CODE = YES;
				CLANG_WARN__DUPLICATE_METHOD_MATCH = YES;
				COPY_PHASE_STRIP = NO;
				DEBUG_INFORMATION_FORMAT = dwarf;
				ENABLE_STRICT_OBJC_MSGSEND = YES;
				GCC_C_LANGUAGE_STANDARD = gnu99;
				GCC_DYNAMIC_NO_PIC = NO;
				GCC_NO_COMMON_BLOCKS = YES;
				GCC_OPTIMIZATION_LEVEL = 0;
				GCC_PREPROCESSOR_DEFINITIONS = (
					"DEBUG=1",
					"$(inherited)",
				);
				GCC_SYMBOLS_PRIVATE_EXTERN = NO;
				GCC_WARN_64_TO_32_BIT_CONVERSION = YES;
				GCC_WARN_ABOUT_RETURN_TYPE = YES_ERROR;
				GCC_WARN_UNDECLARED_SELECTOR = YES;
				GCC_WARN_UNINITIALIZED_AUTOS = YES_AGGRESSIVE;
				GCC_WARN_UNUSED_FUNCTION = YES;
				GCC_WARN_UNUSED_VARIABLE = YES;
				MACOSX_DEPLOYMENT_TARGET = 10.10;
				MTL_ENABLE_DEBUG_INFO = YES;
				ONLY_ACTIVE_ARCH = YES;
				SDKROOT = macosx;
			};
			name = Debug;
		};
		B70605831B3E9AF100520058 /* Release */ = {
			isa = XCBuildConfiguration;
			buildSettings = {
				ALWAYS_SEARCH_USER_PATHS = NO;
				CLANG_CXX_LANGUAGE_STANDARD = "gnu++0x";
				CLANG_CXX_LIBRARY = "libc++";
				CLANG_ENABLE_MODULES = YES;
				CLANG_ENABLE_OBJC_ARC = YES;
				CLANG_WARN_BOOL_CONVERSION = YES;
				CLANG_WARN_CONSTANT_CONVERSION = YES;
				CLANG_WARN_DIRECT_OBJC_ISA_USAGE = YES_ERROR;
				CLANG_WARN_EMPTY_BODY = YES;
				CLANG_WARN_ENUM_CONVERSION = YES;
				CLANG_WARN_INT_CONVERSION = YES;
				CLANG_WARN_OBJC_ROOT_CLASS = YES_ERROR;
				CLANG_WARN_UNREACHABLE_CODE = YES;
				CLANG_WARN__DUPLICATE_METHOD_MATCH = YES;
				COPY_PHASE_STRIP = NO;
				DEBUG_INFORMATION_FORMAT = "dwarf-with-dsym";
				ENABLE_NS_ASSERTIONS = NO;
				ENABLE_STRICT_OBJC_MSGSEND = YES;
				GCC_C_LANGUAGE_STANDARD = gnu99;
				GCC_NO_COMMON_BLOCKS = YES;
				GCC_WARN_64_TO_32_BIT_CONVERSION = YES;
				GCC_WARN_ABOUT_RETURN_TYPE = YES_ERROR;
				GCC_WARN_UNDECLARED_SELECTOR = YES;
				GCC_WARN_UNINITIALIZED_AUTOS = YES_AGGRESSIVE;
				GCC_WARN_UNUSED_FUNCTION = YES;
				GCC_WARN_UNUSED_VARIABLE = YES;
				MACOSX_DEPLOYMENT_TARGET = 10.10;
				MTL_ENABLE_DEBUG_INFO = NO;
				SDKROOT = macosx;
			};
			name = Release;
		};
		B70605851B3E9AF100520058 /* Debug */ = {
			isa = XCBuildConfiguration;
			buildSettings = {
				PRODUCT_NAME = "$(TARGET_NAME)";
			};
			name = Debug;
		};
		B70605861B3E9AF100520058 /* Release */ = {
			isa = XCBuildConfiguration;
			buildSettings = {
				PRODUCT_NAME = "$(TARGET_NAME)";
			};
			name = Release;
		};
/* End XCBuildConfiguration section */

/* Begin XCConfigurationList section */
		B70605781B3E9AF100520058 /* Build configuration list for PBXProject "Sequence" */ = {
			isa = XCConfigurationList;
			buildConfigurations = (
				B70605821B3E9AF100520058 /* Debug */,
				B70605831B3E9AF100520058 /* Release */,
			);
			defaultConfigurationIsVisible = 0;
			defaultConfigurationName = Release;
		};
		B70605841B3E9AF100520058 /* Build configuration list for PBXNativeTarget "Sequence" */ = {
			isa = XCConfigurationList;
			buildConfigurations = (
				B70605851B3E9AF100520058 /* Debug */,
				B70605861B3E9AF100520058 /* Release */,
			);
			defaultConfigurationIsVisible = 0;
			defaultConfigurationName = Release;
		};
/* End XCConfigurationList section */
	};
	rootObject = B70605751B3E9AF100520058 /* Project object */;
}
